
Microsoft Visual Studio Solution File, Format Version 12.00
# Visual Studio Version 17
VisualStudioVersion = 17.8.34525.116
MinimumVisualStudioVersion = 10.0.40219.1
Project("{FAE04EC0-301F-11D3-BF4B-00C04F79EFBC}") = "Edu4TechBankWebUI", "Edu4TechBankWebUI\Edu4TechBankWebUI.csproj", "{93E71937-C298-496E-94A1-EE86AFB7A46E}"
EndProject
Project("{FAE04EC0-301F-11D3-BF4B-00C04F79EFBC}") = "Edu4TechBankEL", "Edu4TechBankEL\Edu4TechBankEL.csproj", "{86D1D420-04F9-43A6-83B7-6BA586F9788E}"
EndProject
Project("{FAE04EC0-301F-11D3-BF4B-00C04F79EFBC}") = "Edu4TechBankDL", "Edu4TechBankDL\Edu4TechBankDL.csproj", "{D6062DD3-8EA7-42EE-A2FB-25DA2023C853}"
EndProject
Project("{FAE04EC0-301F-11D3-BF4B-00C04F79EFBC}") = "Edu4TechBankBL", "Edu4TechBankBL\Edu4TechBankBL.csproj", "{8FDF99BD-410F-41B1-AC2D-1F719F154585}"
EndProject
Global
	GlobalSection(SolutionConfigurationPlatforms) = preSolution
		Debug|Any CPU = Debug|Any CPU
		Release|Any CPU = Release|Any CPU
	EndGlobalSection
	GlobalSection(ProjectConfigurationPlatforms) = postSolution
		{93E71937-C298-496E-94A1-EE86AFB7A46E}.Debug|Any CPU.ActiveCfg = Debug|Any CPU
		{93E71937-C298-496E-94A1-EE86AFB7A46E}.Debug|Any CPU.Build.0 = Debug|Any CPU
		{93E71937-C298-496E-94A1-EE86AFB7A46E}.Release|Any CPU.ActiveCfg = Release|Any CPU
		{93E71937-C298-496E-94A1-EE86AFB7A46E}.Release|Any CPU.Build.0 = Release|Any CPU
		{86D1D420-04F9-43A6-83B7-6BA586F9788E}.Debug|Any CPU.ActiveCfg = Debug|Any CPU
		{86D1D420-04F9-43A6-83B7-6BA586F9788E}.Debug|Any CPU.Build.0 = Debug|Any CPU
		{86D1D420-04F9-43A6-83B7-6BA586F9788E}.Release|Any CPU.ActiveCfg = Release|Any CPU
		{86D1D420-04F9-43A6-83B7-6BA586F9788E}.Release|Any CPU.Build.0 = Release|Any CPU
		{D6062DD3-8EA7-42EE-A2FB-25DA2023C853}.Debug|Any CPU.ActiveCfg = Debug|Any CPU
		{D6062DD3-8EA7-42EE-A2FB-25DA2023C853}.Debug|Any CPU.Build.0 = Debug|Any CPU
		{D6062DD3-8EA7-42EE-A2FB-25DA2023C853}.Release|Any CPU.ActiveCfg = Release|Any CPU
		{D6062DD3-8EA7-42EE-A2FB-25DA2023C853}.Release|Any CPU.Build.0 = Release|Any CPU
		{8FDF99BD-410F-41B1-AC2D-1F719F154585}.Debug|Any CPU.ActiveCfg = Debug|Any CPU
		{8FDF99BD-410F-41B1-AC2D-1F719F154585}.Debug|Any CPU.Build.0 = Debug|Any CPU
		{8FDF99BD-410F-41B1-AC2D-1F719F154585}.Release|Any CPU.ActiveCfg = Release|Any CPU
		{8FDF99BD-410F-41B1-AC2D-1F719F154585}.Release|Any CPU.Build.0 = Release|Any CPU
	EndGlobalSection
	GlobalSection(SolutionProperties) = preSolution
		HideSolutionNode = FALSE
	EndGlobalSection
	GlobalSection(ExtensibilityGlobals) = postSolution
		SolutionGuid = {AB2A59F5-FA97-4CEC-AC29-32E0A7C6F841}
	EndGlobalSection
EndGlobal
